
Microsoft Visual Studio Solution File, Format Version 12.00
# Visual Studio Version 17
VisualStudioVersion = 17.8.34525.116
MinimumVisualStudioVersion = 10.0.40219.1
Project("{FAE04EC0-301F-11D3-BF4B-00C04F79EFBC}") = "VulnerableAppNet8", "VulnerableAppNet8\VulnerableAppNet8.csproj", "{33880975-974A-4759-BC06-4891BE502A85}"
EndProject
Global
	GlobalSection(SolutionConfigurationPlatforms) = preSolution
		Debug|Any CPU = Debug|Any CPU
		Release|Any CPU = Release|Any CPU
	EndGlobalSection
	GlobalSection(ProjectConfigurationPlatforms) = postSolution
		{33880975-974A-4759-BC06-4891BE502A85}.Debug|Any CPU.ActiveCfg = Debug|Any CPU
		{33880975-974A-4759-BC06-4891BE502A85}.Debug|Any CPU.Build.0 = Debug|Any CPU
		{33880975-974A-4759-BC06-4891BE502A85}.Release|Any CPU.ActiveCfg = Release|Any CPU
		{33880975-974A-4759-BC06-4891BE502A85}.Release|Any CPU.Build.0 = Release|Any CPU
	EndGlobalSection
	GlobalSection(SolutionProperties) = preSolution
		HideSolutionNode = FALSE
	EndGlobalSection
	GlobalSection(ExtensibilityGlobals) = postSolution
		SolutionGuid = {0440414F-76AE-4B8B-AAB7-F3AD449B9520}
	EndGlobalSection
EndGlobal
